
Microsoft Visual Studio Solution File, Format Version 12.00
# Visual Studio 15
VisualStudioVersion = 15.0.28307.421
MinimumVisualStudioVersion = 10.0.40219.1
Project("{FAE04EC0-301F-11D3-BF4B-00C04F79EFBC}") = "TileManTest", "TileManTest\TileManTest.csproj", "{C19BCCF6-9288-457B-A73E-38D830C2D19A}"
EndProject
Project("{FAE04EC0-301F-11D3-BF4B-00C04F79EFBC}") = "WinApi", "..\..\..\Documents\Visual Studio 2017\Projects\github\DWMdotnet\Dwmdotnet\WinApi\WinApi.csproj", "{F29151B9-32AC-4F79-9421-9711A4D2B1BF}"
EndProject
Global
	GlobalSection(SolutionConfigurationPlatforms) = preSolution
		Debug|Any CPU = Debug|Any CPU
		Release|Any CPU = Release|Any CPU
	EndGlobalSection
	GlobalSection(ProjectConfigurationPlatforms) = postSolution
		{C19BCCF6-9288-457B-A73E-38D830C2D19A}.Debug|Any CPU.ActiveCfg = Debug|Any CPU
		{C19BCCF6-9288-457B-A73E-38D830C2D19A}.Debug|Any CPU.Build.0 = Debug|Any CPU
		{C19BCCF6-9288-457B-A73E-38D830C2D19A}.Release|Any CPU.ActiveCfg = Release|Any CPU
		{C19BCCF6-9288-457B-A73E-38D830C2D19A}.Release|Any CPU.Build.0 = Release|Any CPU
		{F29151B9-32AC-4F79-9421-9711A4D2B1BF}.Debug|Any CPU.ActiveCfg = Debug|Any CPU
		{F29151B9-32AC-4F79-9421-9711A4D2B1BF}.Debug|Any CPU.Build.0 = Debug|Any CPU
		{F29151B9-32AC-4F79-9421-9711A4D2B1BF}.Release|Any CPU.ActiveCfg = Release|Any CPU
		{F29151B9-32AC-4F79-9421-9711A4D2B1BF}.Release|Any CPU.Build.0 = Release|Any CPU
	EndGlobalSection
	GlobalSection(SolutionProperties) = preSolution
		HideSolutionNode = FALSE
	EndGlobalSection
	GlobalSection(ExtensibilityGlobals) = postSolution
		SolutionGuid = {3012F862-B842-4B25-9581-44D1B88CDAA3}
	EndGlobalSection
EndGlobal
